
Microsoft Visual Studio Solution File, Format Version 12.00
# Visual Studio Version 17
VisualStudioVersion = 17.7.34221.43
MinimumVisualStudioVersion = 10.0.40219.1
Project("{FAE04EC0-301F-11D3-BF4B-00C04F79EFBC}") = "Examen Mattias Gijsels", "Examen Mattias Gijsels\Examen Mattias Gijsels.csproj", "{3527C3FA-E118-4C03-BAE8-70A835EDC5FB}"
EndProject
Global
	GlobalSection(SolutionConfigurationPlatforms) = preSolution
		Debug|Any CPU = Debug|Any CPU
		Release|Any CPU = Release|Any CPU
	EndGlobalSection
	GlobalSection(ProjectConfigurationPlatforms) = postSolution
		{3527C3FA-E118-4C03-BAE8-70A835EDC5FB}.Debug|Any CPU.ActiveCfg = Debug|Any CPU
		{3527C3FA-E118-4C03-BAE8-70A835EDC5FB}.Debug|Any CPU.Build.0 = Debug|Any CPU
		{3527C3FA-E118-4C03-BAE8-70A835EDC5FB}.Release|Any CPU.ActiveCfg = Release|Any CPU
		{3527C3FA-E118-4C03-BAE8-70A835EDC5FB}.Release|Any CPU.Build.0 = Release|Any CPU
	EndGlobalSection
	GlobalSection(SolutionProperties) = preSolution
		HideSolutionNode = FALSE
	EndGlobalSection
	GlobalSection(ExtensibilityGlobals) = postSolution
		SolutionGuid = {EB333EA7-A5CC-40EA-9EE3-04C21B156357}
	EndGlobalSection
EndGlobal
